// !$*UTF8*$!
{
	archiveVersion = 1;
	classes = {
	};
	objectVersion = 50;
	objects = {

/* Begin PBXBuildFile section */
		7AD66D0C251D459F00811C65 /* AppDelegate.swift in Sources */ = {isa = PBXBuildFile; fileRef = 7AD66D0B251D459F00811C65 /* AppDelegate.swift */; };
		7AD66D0E251D459F00811C65 /* SceneDelegate.swift in Sources */ = {isa = PBXBuildFile; fileRef = 7AD66D0D251D459F00811C65 /* SceneDelegate.swift */; };
		7AD66D10251D459F00811C65 /* ContentView.swift in Sources */ = {isa = PBXBuildFile; fileRef = 7AD66D0F251D459F00811C65 /* ContentView.swift */; };
		7AD66D13251D45A000811C65 /* PizzOrder.xcdatamodeld in Sources */ = {isa = PBXBuildFile; fileRef = 7AD66D11251D45A000811C65 /* PizzOrder.xcdatamodeld */; };
		7AD66D15251D45A100811C65 /* Assets.xcassets in Resources */ = {isa = PBXBuildFile; fileRef = 7AD66D14251D45A100811C65 /* Assets.xcassets */; };
		7AD66D18251D45A100811C65 /* Preview Assets.xcassets in Resources */ = {isa = PBXBuildFile; fileRef = 7AD66D17251D45A100811C65 /* Preview Assets.xcassets */; };
		7AD66D1B251D45A100811C65 /* LaunchScreen.storyboard in Resources */ = {isa = PBXBuildFile; fileRef = 7AD66D19251D45A100811C65 /* LaunchScreen.storyboard */; };
		7AD66D2F251D4A3800811C65 /* Order+CoreDataClass.swift in Sources */ = {isa = PBXBuildFile; fileRef = 7AD66D2D251D4A3800811C65 /* Order+CoreDataClass.swift */; };
		7AD66D30251D4A3800811C65 /* Order+CoreDataProperties.swift in Sources */ = {isa = PBXBuildFile; fileRef = 7AD66D2E251D4A3800811C65 /* Order+CoreDataProperties.swift */; };
		7AD66D35251D4BC600811C65 /* OrderSheet.swift in Sources */ = {isa = PBXBuildFile; fileRef = 7AD66D34251D4BC600811C65 /* OrderSheet.swift */; };
/* End PBXBuildFile section */

/* Begin PBXFileReference section */
		7AD66D08251D459F00811C65 /* PizzOrder.app */ = {isa = PBXFileReference; explicitFileType = wrapper.application; includeInIndex = 0; path = PizzOrder.app; sourceTree = BUILT_PRODUCTS_DIR; };
		7AD66D0B251D459F00811C65 /* AppDelegate.swift */ = {isa = PBXFileReference; lastKnownFileType = sourcecode.swift; path = AppDelegate.swift; sourceTree = "<group>"; };
		7AD66D0D251D459F00811C65 /* SceneDelegate.swift */ = {isa = PBXFileReference; lastKnownFileType = sourcecode.swift; path = SceneDelegate.swift; sourceTree = "<group>"; };
		7AD66D0F251D459F00811C65 /* ContentView.swift */ = {isa = PBXFileReference; lastKnownFileType = sourcecode.swift; path = ContentView.swift; sourceTree = "<group>"; };
		7AD66D12251D45A000811C65 /* PizzOrder.xcdatamodel */ = {isa = PBXFileReference; lastKnownFileType = wrapper.xcdatamodel; path = PizzOrder.xcdatamodel; sourceTree = "<group>"; };
		7AD66D14251D45A100811C65 /* Assets.xcassets */ = {isa = PBXFileReference; lastKnownFileType = folder.assetcatalog; path = Assets.xcassets; sourceTree = "<group>"; };
		7AD66D17251D45A100811C65 /* Preview Assets.xcassets */ = {isa = PBXFileReference; lastKnownFileType = folder.assetcatalog; path = "Preview Assets.xcassets"; sourceTree = "<group>"; };
		7AD66D1A251D45A100811C65 /* Base */ = {isa = PBXFileReference; lastKnownFileType = file.storyboard; name = Base; path = Base.lproj/LaunchScreen.storyboard; sourceTree = "<group>"; };
		7AD66D1C251D45A100811C65 /* Info.plist */ = {isa = PBXFileReference; lastKnownFileType = text.plist.xml; path = Info.plist; sourceTree = "<group>"; };
		7AD66D2D251D4A3800811C65 /* Order+CoreDataClass.swift */ = {isa = PBXFileReference; lastKnownFileType = sourcecode.swift; name = "Order+CoreDataClass.swift"; path = "../Order+CoreDataClass.swift"; sourceTree = "<group>"; };
		7AD66D2E251D4A3800811C65 /* Order+CoreDataProperties.swift */ = {isa = PBXFileReference; lastKnownFileType = sourcecode.swift; name = "Order+CoreDataProperties.swift"; path = "../Order+CoreDataProperties.swift"; sourceTree = "<group>"; };
		7AD66D34251D4BC600811C65 /* OrderSheet.swift */ = {isa = PBXFileReference; lastKnownFileType = sourcecode.swift; path = OrderSheet.swift; sourceTree = "<group>"; };
/* End PBXFileReference section */

/* Begin PBXFrameworksBuildPhase section */
		7AD66D05251D459F00811C65 /* Frameworks */ = {
			isa = PBXFrameworksBuildPhase;
			buildActionMask = 2147483647;
			files = (
			);
			runOnlyForDeploymentPostprocessing = 0;
		};
/* End PBXFrameworksBuildPhase section */

/* Begin PBXGroup section */
		7AD66CFF251D459F00811C65 = {
			isa = PBXGroup;
			children = (
				7AD66D0A251D459F00811C65 /* PizzOrder */,
				7AD66D09251D459F00811C65 /* Products */,
			);
			sourceTree = "<group>";
		};
		7AD66D09251D459F00811C65 /* Products */ = {
			isa = PBXGroup;
			children = (
				7AD66D08251D459F00811C65 /* PizzOrder.app */,
			);
			name = Products;
			sourceTree = "<group>";
		};
		7AD66D0A251D459F00811C65 /* PizzOrder */ = {
			isa = PBXGroup;
			children = (
				7AD66D2D251D4A3800811C65 /* Order+CoreDataClass.swift */,
				7AD66D2E251D4A3800811C65 /* Order+CoreDataProperties.swift */,
				7AD66D0B251D459F00811C65 /* AppDelegate.swift */,
				7AD66D0D251D459F00811C65 /* SceneDelegate.swift */,
				7AD66D0F251D459F00811C65 /* ContentView.swift */,
				7AD66D34251D4BC600811C65 /* OrderSheet.swift */,
				7AD66D14251D45A100811C65 /* Assets.xcassets */,
				7AD66D19251D45A100811C65 /* LaunchScreen.storyboard */,
				7AD66D1C251D45A100811C65 /* Info.plist */,
				7AD66D11251D45A000811C65 /* PizzOrder.xcdatamodeld */,
				7AD66D16251D45A100811C65 /* Preview Content */,
			);
			path = PizzOrder;
			sourceTree = "<group>";
		};
		7AD66D16251D45A100811C65 /* Preview Content */ = {
			isa = PBXGroup;
			children = (
				7AD66D17251D45A100811C65 /* Preview Assets.xcassets */,
			);
			path = "Preview Content";
			sourceTree = "<group>";
		};
/* End PBXGroup section */

/* Begin PBXNativeTarget section */
		7AD66D07251D459F00811C65 /* PizzOrder */ = {
			isa = PBXNativeTarget;
			buildConfigurationList = 7AD66D1F251D45A100811C65 /* Build configuration list for PBXNativeTarget "PizzOrder" */;
			buildPhases = (
				7AD66D04251D459F00811C65 /* Sources */,
				7AD66D05251D459F00811C65 /* Frameworks */,
				7AD66D06251D459F00811C65 /* Resources */,
			);
			buildRules = (
			);
			dependencies = (
			);
			name = PizzOrder;
			productName = PizzOrder;
			productReference = 7AD66D08251D459F00811C65 /* PizzOrder.app */;
			productType = "com.apple.product-type.application";
		};
/* End PBXNativeTarget section */

/* Begin PBXProject section */
		7AD66D00251D459F00811C65 /* Project object */ = {
			isa = PBXProject;
			attributes = {
				LastSwiftUpdateCheck = 1200;
				LastUpgradeCheck = 1200;
				TargetAttributes = {
					7AD66D07251D459F00811C65 = {
						CreatedOnToolsVersion = 12.0;
					};
				};
			};
			buildConfigurationList = 7AD66D03251D459F00811C65 /* Build configuration list for PBXProject "PizzOrder" */;
			compatibilityVersion = "Xcode 9.3";
			developmentRegion = en;
			hasScannedForEncodings = 0;
			knownRegions = (
				en,
				Base,
			);
			mainGroup = 7AD66CFF251D459F00811C65;
			productRefGroup = 7AD66D09251D459F00811C65 /* Products */;
			projectDirPath = "";
			projectRoot = "";
			targets = (
				7AD66D07251D459F00811C65 /* PizzOrder */,
			);
		};
/* End PBXProject section */

/* Begin PBXResourcesBuildPhase section */
		7AD66D06251D459F00811C65 /* Resources */ = {
			isa = PBXResourcesBuildPhase;
			buildActionMask = 2147483647;
			files = (
				7AD66D1B251D45A100811C65 /* LaunchScreen.storyboard in Resources */,
				7AD66D18251D45A100811C65 /* Preview Assets.xcassets in Resources */,
				7AD66D15251D45A100811C65 /* Assets.xcassets in Resources */,
			);
			runOnlyForDeploymentPostprocessing = 0;
		};
/* End PBXResourcesBuildPhase section */

/* Begin PBXSourcesBuildPhase section */
		7AD66D04251D459F00811C65 /* Sources */ = {
			isa = PBXSourcesBuildPhase;
			buildActionMask = 2147483647;
			files = (
				7AD66D30251D4A3800811C65 /* Order+CoreDataProperties.swift in Sources */,
				7AD66D0C251D459F00811C65 /* AppDelegate.swift in Sources */,
				7AD66D0E251D459F00811C65 /* SceneDelegate.swift in Sources */,
				7AD66D10251D459F00811C65 /* ContentView.swift in Sources */,
				7AD66D2F251D4A3800811C65 /* Order+CoreDataClass.swift in Sources */,
				7AD66D35251D4BC600811C65 /* OrderSheet.swift in Sources */,
				7AD66D13251D45A000811C65 /* PizzOrder.xcdatamodeld in Sources */,
			);
			runOnlyForDeploymentPostprocessing = 0;
		};
/* End PBXSourcesBuildPhase section */

/* Begin PBXVariantGroup section */
		7AD66D19251D45A100811C65 /* LaunchScreen.storyboard */ = {
			isa = PBXVariantGroup;
			children = (
				7AD66D1A251D45A100811C65 /* Base */,
			);
			name = LaunchScreen.storyboard;
			sourceTree = "<group>";
		};
/* End PBXVariantGroup section */

/* Begin XCBuildConfiguration section */
		7AD66D1D251D45A100811C65 /* Debug */ = {
			isa = XCBuildConfiguration;
			buildSettings = {
				ALWAYS_SEARCH_USER_PATHS = NO;
				CLANG_ANALYZER_NONNULL = YES;
				CLANG_ANALYZER_NUMBER_OBJECT_CONVERSION = YES_AGGRESSIVE;
				CLANG_CXX_LANGUAGE_STANDARD = "gnu++14";
				CLANG_CXX_LIBRARY = "libc++";
				CLANG_ENABLE_MODULES = YES;
				CLANG_ENABLE_OBJC_ARC = YES;
				CLANG_ENABLE_OBJC_WEAK = YES;
				CLANG_WARN_BLOCK_CAPTURE_AUTORELEASING = YES;
				CLANG_WARN_BOOL_CONVERSION = YES;
				CLANG_WARN_COMMA = YES;
				CLANG_WARN_CONSTANT_CONVERSION = YES;
				CLANG_WARN_DEPRECATED_OBJC_IMPLEMENTATIONS = YES;
				CLANG_WARN_DIRECT_OBJC_ISA_USAGE = YES_ERROR;
				CLANG_WARN_DOCUMENTATION_COMMENTS = YES;
				CLANG_WARN_EMPTY_BODY = YES;
				CLANG_WARN_ENUM_CONVERSION = YES;
				CLANG_WARN_INFINITE_RECURSION = YES;
				CLANG_WARN_INT_CONVERSION = YES;
				CLANG_WARN_NON_LITERAL_NULL_CONVERSION = YES;
				CLANG_WARN_OBJC_IMPLICIT_RETAIN_SELF = YES;
				CLANG_WARN_OBJC_LITERAL_CONVERSION = YES;
				CLANG_WARN_OBJC_ROOT_CLASS = YES_ERROR;
				CLANG_WARN_QUOTED_INCLUDE_IN_FRAMEWORK_HEADER = YES;
				CLANG_WARN_RANGE_LOOP_ANALYSIS = YES;
				CLANG_WARN_STRICT_PROTOTYPES = YES;
				CLANG_WARN_SUSPICIOUS_MOVE = YES;
				CLANG_WARN_UNGUARDED_AVAILABILITY = YES_AGGRESSIVE;
				CLANG_WARN_UNREACHABLE_CODE = YES;
				CLANG_WARN__DUPLICATE_METHOD_MATCH = YES;
				COPY_PHASE_STRIP = NO;
				DEBUG_INFORMATION_FORMAT = dwarf;
				ENABLE_STRICT_OBJC_MSGSEND = YES;
				ENABLE_TESTABILITY = YES;
				GCC_C_LANGUAGE_STANDARD = gnu11;
				GCC_DYNAMIC_NO_PIC = NO;
				GCC_NO_COMMON_BLOCKS = YES;
				GCC_OPTIMIZATION_LEVEL = 0;
				GCC_PREPROCESSOR_DEFINITIONS = (
					"DEBUG=1",
					"$(inherited)",
				);
				GCC_WARN_64_TO_32_BIT_CONVERSION = YES;
				GCC_WARN_ABOUT_RETURN_TYPE = YES_ERROR;
				GCC_WARN_UNDECLARED_SELECTOR = YES;
				GCC_WARN_UNINITIALIZED_AUTOS = YES_AGGRESSIVE;
				GCC_WARN_UNUSED_FUNCTION = YES;
				GCC_WARN_UNUSED_VARIABLE = YES;
				IPHONEOS_DEPLOYMENT_TARGET = 14.0;
				MTL_ENABLE_DEBUG_INFO = INCLUDE_SOURCE;
				MTL_FAST_MATH = YES;
				ONLY_ACTIVE_ARCH = YES;
				SDKROOT = iphoneos;
				SWIFT_ACTIVE_COMPILATION_CONDITIONS = DEBUG;
				SWIFT_OPTIMIZATION_LEVEL = "-Onone";
			};
			name = Debug;
		};
		7AD66D1E251D45A100811C65 /* Release */ = {
			isa = XCBuildConfiguration;
			buildSettings = {
				ALWAYS_SEARCH_USER_PATHS = NO;
				CLANG_ANALYZER_NONNULL = YES;
				CLANG_ANALYZER_NUMBER_OBJECT_CONVERSION = YES_AGGRESSIVE;
				CLANG_CXX_LANGUAGE_STANDARD = "gnu++14";
				CLANG_CXX_LIBRARY = "libc++";
				CLANG_ENABLE_MODULES = YES;
				CLANG_ENABLE_OBJC_ARC = YES;
				CLANG_ENABLE_OBJC_WEAK = YES;
				CLANG_WARN_BLOCK_CAPTURE_AUTORELEASING = YES;
				CLANG_WARN_BOOL_CONVERSION = YES;
				CLANG_WARN_COMMA = YES;
				CLANG_WARN_CONSTANT_CONVERSION = YES;
				CLANG_WARN_DEPRECATED_OBJC_IMPLEMENTATIONS = YES;
				CLANG_WARN_DIRECT_OBJC_ISA_USAGE = YES_ERROR;
				CLANG_WARN_DOCUMENTATION_COMMENTS = YES;
				CLANG_WARN_EMPTY_BODY = YES;
				CLANG_WARN_ENUM_CONVERSION = YES;
				CLANG_WARN_INFINITE_RECURSION = YES;
				CLANG_WARN_INT_CONVERSION = YES;
				CLANG_WARN_NON_LITERAL_NULL_CONVERSION = YES;
				CLANG_WARN_OBJC_IMPLICIT_RETAIN_SELF = YES;
				CLANG_WARN_OBJC_LITERAL_CONVERSION = YES;
				CLANG_WARN_OBJC_ROOT_CLASS = YES_ERROR;
				CLANG_WARN_QUOTED_INCLUDE_IN_FRAMEWORK_HEADER = YES;
				CLANG_WARN_RANGE_LOOP_ANALYSIS = YES;
				CLANG_WARN_STRICT_PROTOTYPES = YES;
				CLANG_WARN_SUSPICIOUS_MOVE = YES;
				CLANG_WARN_UNGUARDED_AVAILABILITY = YES_AGGRESSIVE;
				CLANG_WARN_UNREACHABLE_CODE = YES;
				CLANG_WARN__DUPLICATE_METHOD_MATCH = YES;
				COPY_PHASE_STRIP = NO;
				DEBUG_INFORMATION_FORMAT = "dwarf-with-dsym";
				ENABLE_NS_ASSERTIONS = NO;
				ENABLE_STRICT_OBJC_MSGSEND = YES;
				GCC_C_LANGUAGE_STANDARD = gnu11;
				GCC_NO_COMMON_BLOCKS = YES;
				GCC_WARN_64_TO_32_BIT_CONVERSION = YES;
				GCC_WARN_ABOUT_RETURN_TYPE = YES_ERROR;
				GCC_WARN_UNDECLARED_SELECTOR = YES;
				GCC_WARN_UNINITIALIZED_AUTOS = YES_AGGRESSIVE;
				GCC_WARN_UNUSED_FUNCTION = YES;
				GCC_WARN_UNUSED_VARIABLE = YES;
				IPHONEOS_DEPLOYMENT_TARGET = 14.0;
				MTL_ENABLE_DEBUG_INFO = NO;
				MTL_FAST_MATH = YES;
				SDKROOT = iphoneos;
				SWIFT_COMPILATION_MODE = wholemodule;
				SWIFT_OPTIMIZATION_LEVEL = "-O";
				VALIDATE_PRODUCT = YES;
			};
			name = Release;
		};
		7AD66D20251D45A100811C65 /* Debug */ = {
			isa = XCBuildConfiguration;
			buildSettings = {
				ASSETCATALOG_COMPILER_APPICON_NAME = AppIcon;
				ASSETCATALOG_COMPILER_GLOBAL_ACCENT_COLOR_NAME = AccentColor;
				CODE_SIGN_STYLE = Automatic;
				DEVELOPMENT_ASSET_PATHS = "\"PizzOrder/Preview Content\"";
				ENABLE_PREVIEWS = YES;
				INFOPLIST_FILE = PizzOrder/Info.plist;
				LD_RUNPATH_SEARCH_PATHS = (
					"$(inherited)",
					"@executable_path/Frameworks",
				);
				PRODUCT_BUNDLE_IDENTIFIER = com.example.PizzOrder;
				PRODUCT_NAME = "$(TARGET_NAME)";
				SWIFT_VERSION = 5.0;
				TARGETED_DEVICE_FAMILY = "1,2";
			};
			name = Debug;
		};
		7AD66D21251D45A100811C65 /* Release */ = {
			isa = XCBuildConfiguration;
			buildSettings = {
				ASSETCATALOG_COMPILER_APPICON_NAME = AppIcon;
				ASSETCATALOG_COMPILER_GLOBAL_ACCENT_COLOR_NAME = AccentColor;
				CODE_SIGN_STYLE = Automatic;
				DEVELOPMENT_ASSET_PATHS = "\"PizzOrder/Preview Content\"";
				ENABLE_PREVIEWS = YES;
				INFOPLIST_FILE = PizzOrder/Info.plist;
				LD_RUNPATH_SEARCH_PATHS = (
					"$(inherited)",
					"@executable_path/Frameworks",
				);
				PRODUCT_BUNDLE_IDENTIFIER = com.example.PizzOrder;
				PRODUCT_NAME = "$(TARGET_NAME)";
				SWIFT_VERSION = 5.0;
				TARGETED_DEVICE_FAMILY = "1,2";
			};
			name = Release;
		};
/* End XCBuildConfiguration section */

/* Begin XCConfigurationList section */
		7AD66D03251D459F00811C65 /* Build configuration list for PBXProject "PizzOrder" */ = {
			isa = XCConfigurationList;
			buildConfigurations = (
				7AD66D1D251D45A100811C65 /* Debug */,
				7AD66D1E251D45A100811C65 /* Release */,
			);
			defaultConfigurationIsVisible = 0;
			defaultConfigurationName = Release;
		};
		7AD66D1F251D45A100811C65 /* Build configuration list for PBXNativeTarget "PizzOrder" */ = {
			isa = XCConfigurationList;
			buildConfigurations = (
				7AD66D20251D45A100811C65 /* Debug */,
				7AD66D21251D45A100811C65 /* Release */,
			);
			defaultConfigurationIsVisible = 0;
			defaultConfigurationName = Release;
		};
/* End XCConfigurationList section */

/* Begin XCVersionGroup section */
		7AD66D11251D45A000811C65 /* PizzOrder.xcdatamodeld */ = {
			isa = XCVersionGroup;
			children = (
				7AD66D12251D45A000811C65 /* PizzOrder.xcdatamodel */,
			);
			currentVersion = 7AD66D12251D45A000811C65 /* PizzOrder.xcdatamodel */;
			path = PizzOrder.xcdatamodeld;
			sourceTree = "<group>";
			versionGroupType = wrapper.xcdatamodel;
		};
/* End XCVersionGroup section */
	};
	rootObject = 7AD66D00251D459F00811C65 /* Project object */;
}
